
Microsoft Visual Studio Solution File, Format Version 12.00
# Visual Studio Version 16
VisualStudioVersion = 16.0.32002.261
MinimumVisualStudioVersion = 10.0.40219.1
Project("{FAE04EC0-301F-11D3-BF4B-00C04F79EFBC}") = "Allup", "Allup\Allup.csproj", "{84E4F7D2-93AF-4094-8039-8A0366FED190}"
EndProject
Global
	GlobalSection(SolutionConfigurationPlatforms) = preSolution
		Debug|Any CPU = Debug|Any CPU
		Release|Any CPU = Release|Any CPU
	EndGlobalSection
	GlobalSection(ProjectConfigurationPlatforms) = postSolution
		{84E4F7D2-93AF-4094-8039-8A0366FED190}.Debug|Any CPU.ActiveCfg = Debug|Any CPU
		{84E4F7D2-93AF-4094-8039-8A0366FED190}.Debug|Any CPU.Build.0 = Debug|Any CPU
		{84E4F7D2-93AF-4094-8039-8A0366FED190}.Release|Any CPU.ActiveCfg = Release|Any CPU
		{84E4F7D2-93AF-4094-8039-8A0366FED190}.Release|Any CPU.Build.0 = Release|Any CPU
	EndGlobalSection
	GlobalSection(SolutionProperties) = preSolution
		HideSolutionNode = FALSE
	EndGlobalSection
	GlobalSection(ExtensibilityGlobals) = postSolution
		SolutionGuid = {65CE5407-75D8-4EE6-A185-4A8FC7E8A06C}
	EndGlobalSection
EndGlobal
